# THIS IS AN AUTOGENERATED FILE. DO NOT EDIT THIS FILE DIRECTLY.
# yarn lockfile v1


"@rails/actioncable@^7.0.0":
  version "7.0.0"
  resolved "https://registry.yarnpkg.com/@rails/actioncable/-/actioncable-7.0.0.tgz#2bcb5ca5d7c1d8c32d53589579d2fc19c4864a04"
  integrity sha512-uKOGaA8xMNuMwsQrH65l4LxLZ4RD2czP0MKBU7PHIbQS6XvYc6xV9HDveGfgumZSZJYJSfUIiKiqh5mjlCOxPA==
