# THIS IS AN AUTOGENERATED FILE. DO NOT EDIT THIS FILE DIRECTLY.
# yarn lockfile v1


"@rails/actioncable@^6.0.3-7":
  version "6.0.3-7"
  resolved "https://registry.yarnpkg.com/@rails/actioncable/-/actioncable-6.0.3-7.tgz#9993c12bd86e254889c5f401be4df7bb2414d180"
  integrity sha512-ND+0rRj0NQVrv8SYSLSjKyHaXLcFEB02/9+1hsbz7BgufhJcOr/eJ7Y+a/278nAmzKd7mLDQYusHwZ0Dmn7rRw==
